// !$*UTF8*$!
{
	archiveVersion = 1;
	classes = {
	};
	objectVersion = 50;
	objects = {

/* Begin PBXBuildFile section */
		9647F3C9218BD2DF004B2994 /* AppDelegate.swift in Sources */ = {isa = PBXBuildFile; fileRef = 9647F3C8218BD2DF004B2994 /* AppDelegate.swift */; };
		9647F3CB218BD2DF004B2994 /* MessageController.swift in Sources */ = {isa = PBXBuildFile; fileRef = 9647F3CA218BD2DF004B2994 /* MessageController.swift */; };
		9647F3D1218BD2DF004B2994 /* Jcation.xcdatamodeld in Sources */ = {isa = PBXBuildFile; fileRef = 9647F3CF218BD2DF004B2994 /* Jcation.xcdatamodeld */; };
		9647F3D3218BD2E0004B2994 /* Assets.xcassets in Resources */ = {isa = PBXBuildFile; fileRef = 9647F3D2218BD2E0004B2994 /* Assets.xcassets */; };
		9647F3D6218BD2E0004B2994 /* LaunchScreen.storyboard in Resources */ = {isa = PBXBuildFile; fileRef = 9647F3D4218BD2E0004B2994 /* LaunchScreen.storyboard */; };
		9647F3DF218BD516004B2994 /* LoginController.swift in Sources */ = {isa = PBXBuildFile; fileRef = 9647F3DE218BD516004B2994 /* LoginController.swift */; };
		9647F3E1218BD6CD004B2994 /* MessageController+handlers.swift in Sources */ = {isa = PBXBuildFile; fileRef = 9647F3E0218BD6CD004B2994 /* MessageController+handlers.swift */; };
		9647F3E3218BDC20004B2994 /* LoginController+handlers.swift in Sources */ = {isa = PBXBuildFile; fileRef = 9647F3E2218BDC20004B2994 /* LoginController+handlers.swift */; };
		9647F3E5218BDF6A004B2994 /* NewMessageController.swift in Sources */ = {isa = PBXBuildFile; fileRef = 9647F3E4218BDF6A004B2994 /* NewMessageController.swift */; };
		9647F3E7218BDFF6004B2994 /* NewMessageController+handlers.swift in Sources */ = {isa = PBXBuildFile; fileRef = 9647F3E6218BDFF6004B2994 /* NewMessageController+handlers.swift */; };
/* End PBXBuildFile section */

/* Begin PBXFileReference section */
		9647F3C5218BD2DF004B2994 /* Jcation.app */ = {isa = PBXFileReference; explicitFileType = wrapper.application; includeInIndex = 0; path = Jcation.app; sourceTree = BUILT_PRODUCTS_DIR; };
		9647F3C8218BD2DF004B2994 /* AppDelegate.swift */ = {isa = PBXFileReference; lastKnownFileType = sourcecode.swift; path = AppDelegate.swift; sourceTree = "<group>"; };
		9647F3CA218BD2DF004B2994 /* MessageController.swift */ = {isa = PBXFileReference; lastKnownFileType = sourcecode.swift; path = MessageController.swift; sourceTree = "<group>"; };
		9647F3D0218BD2DF004B2994 /* Jcation.xcdatamodel */ = {isa = PBXFileReference; lastKnownFileType = wrapper.xcdatamodel; path = Jcation.xcdatamodel; sourceTree = "<group>"; };
		9647F3D2218BD2E0004B2994 /* Assets.xcassets */ = {isa = PBXFileReference; lastKnownFileType = folder.assetcatalog; path = Assets.xcassets; sourceTree = "<group>"; };
		9647F3D5218BD2E0004B2994 /* Base */ = {isa = PBXFileReference; lastKnownFileType = file.storyboard; name = Base; path = Base.lproj/LaunchScreen.storyboard; sourceTree = "<group>"; };
		9647F3D7218BD2E0004B2994 /* Info.plist */ = {isa = PBXFileReference; lastKnownFileType = text.plist.xml; path = Info.plist; sourceTree = "<group>"; };
		9647F3DE218BD516004B2994 /* LoginController.swift */ = {isa = PBXFileReference; lastKnownFileType = sourcecode.swift; path = LoginController.swift; sourceTree = "<group>"; };
		9647F3E0218BD6CD004B2994 /* MessageController+handlers.swift */ = {isa = PBXFileReference; lastKnownFileType = sourcecode.swift; path = "MessageController+handlers.swift"; sourceTree = "<group>"; };
		9647F3E2218BDC20004B2994 /* LoginController+handlers.swift */ = {isa = PBXFileReference; lastKnownFileType = sourcecode.swift; path = "LoginController+handlers.swift"; sourceTree = "<group>"; };
		9647F3E4218BDF6A004B2994 /* NewMessageController.swift */ = {isa = PBXFileReference; lastKnownFileType = sourcecode.swift; path = NewMessageController.swift; sourceTree = "<group>"; };
		9647F3E6218BDFF6004B2994 /* NewMessageController+handlers.swift */ = {isa = PBXFileReference; lastKnownFileType = sourcecode.swift; path = "NewMessageController+handlers.swift"; sourceTree = "<group>"; };
/* End PBXFileReference section */

/* Begin PBXFrameworksBuildPhase section */
		9647F3C2218BD2DF004B2994 /* Frameworks */ = {
			isa = PBXFrameworksBuildPhase;
			buildActionMask = 2147483647;
			files = (
			);
			runOnlyForDeploymentPostprocessing = 0;
		};
/* End PBXFrameworksBuildPhase section */

/* Begin PBXGroup section */
		9647F3BC218BD2DF004B2994 = {
			isa = PBXGroup;
			children = (
				9647F3C7218BD2DF004B2994 /* Jcation */,
				9647F3C6218BD2DF004B2994 /* Products */,
			);
			sourceTree = "<group>";
		};
		9647F3C6218BD2DF004B2994 /* Products */ = {
			isa = PBXGroup;
			children = (
				9647F3C5218BD2DF004B2994 /* Jcation.app */,
			);
			name = Products;
			sourceTree = "<group>";
		};
		9647F3C7218BD2DF004B2994 /* Jcation */ = {
			isa = PBXGroup;
			children = (
				9647F3DD218BD321004B2994 /* Controller */,
				9647F3C8218BD2DF004B2994 /* AppDelegate.swift */,
				9647F3D2218BD2E0004B2994 /* Assets.xcassets */,
				9647F3D4218BD2E0004B2994 /* LaunchScreen.storyboard */,
				9647F3D7218BD2E0004B2994 /* Info.plist */,
				9647F3CF218BD2DF004B2994 /* Jcation.xcdatamodeld */,
			);
			path = Jcation;
			sourceTree = "<group>";
		};
		9647F3DD218BD321004B2994 /* Controller */ = {
			isa = PBXGroup;
			children = (
				9647F3DE218BD516004B2994 /* LoginController.swift */,
				9647F3E2218BDC20004B2994 /* LoginController+handlers.swift */,
				9647F3CA218BD2DF004B2994 /* MessageController.swift */,
				9647F3E0218BD6CD004B2994 /* MessageController+handlers.swift */,
				9647F3E4218BDF6A004B2994 /* NewMessageController.swift */,
				9647F3E6218BDFF6004B2994 /* NewMessageController+handlers.swift */,
			);
			path = Controller;
			sourceTree = "<group>";
		};
/* End PBXGroup section */

/* Begin PBXNativeTarget section */
		9647F3C4218BD2DF004B2994 /* Jcation */ = {
			isa = PBXNativeTarget;
			buildConfigurationList = 9647F3DA218BD2E0004B2994 /* Build configuration list for PBXNativeTarget "Jcation" */;
			buildPhases = (
				9647F3C1218BD2DF004B2994 /* Sources */,
				9647F3C2218BD2DF004B2994 /* Frameworks */,
				9647F3C3218BD2DF004B2994 /* Resources */,
			);
			buildRules = (
			);
			dependencies = (
			);
			name = Jcation;
			productName = Jcation;
			productReference = 9647F3C5218BD2DF004B2994 /* Jcation.app */;
			productType = "com.apple.product-type.application";
		};
/* End PBXNativeTarget section */

/* Begin PBXProject section */
		9647F3BD218BD2DF004B2994 /* Project object */ = {
			isa = PBXProject;
			attributes = {
				LastSwiftUpdateCheck = 1010;
				LastUpgradeCheck = 1010;
				ORGANIZATIONNAME = "Jason Parker";
				TargetAttributes = {
					9647F3C4218BD2DF004B2994 = {
						CreatedOnToolsVersion = 10.1;
					};
				};
			};
			buildConfigurationList = 9647F3C0218BD2DF004B2994 /* Build configuration list for PBXProject "Jcation" */;
			compatibilityVersion = "Xcode 9.3";
			developmentRegion = en;
			hasScannedForEncodings = 0;
			knownRegions = (
				en,
				Base,
			);
			mainGroup = 9647F3BC218BD2DF004B2994;
			productRefGroup = 9647F3C6218BD2DF004B2994 /* Products */;
			projectDirPath = "";
			projectRoot = "";
			targets = (
				9647F3C4218BD2DF004B2994 /* Jcation */,
			);
		};
/* End PBXProject section */

/* Begin PBXResourcesBuildPhase section */
		9647F3C3218BD2DF004B2994 /* Resources */ = {
			isa = PBXResourcesBuildPhase;
			buildActionMask = 2147483647;
			files = (
				9647F3D6218BD2E0004B2994 /* LaunchScreen.storyboard in Resources */,
				9647F3D3218BD2E0004B2994 /* Assets.xcassets in Resources */,
			);
			runOnlyForDeploymentPostprocessing = 0;
		};
/* End PBXResourcesBuildPhase section */

/* Begin PBXSourcesBuildPhase section */
		9647F3C1218BD2DF004B2994 /* Sources */ = {
			isa = PBXSourcesBuildPhase;
			buildActionMask = 2147483647;
			files = (
				9647F3D1218BD2DF004B2994 /* Jcation.xcdatamodeld in Sources */,
				9647F3DF218BD516004B2994 /* LoginController.swift in Sources */,
				9647F3E3218BDC20004B2994 /* LoginController+handlers.swift in Sources */,
				9647F3CB218BD2DF004B2994 /* MessageController.swift in Sources */,
				9647F3E5218BDF6A004B2994 /* NewMessageController.swift in Sources */,
				9647F3E7218BDFF6004B2994 /* NewMessageController+handlers.swift in Sources */,
				9647F3E1218BD6CD004B2994 /* MessageController+handlers.swift in Sources */,
				9647F3C9218BD2DF004B2994 /* AppDelegate.swift in Sources */,
			);
			runOnlyForDeploymentPostprocessing = 0;
		};
/* End PBXSourcesBuildPhase section */

/* Begin PBXVariantGroup section */
		9647F3D4218BD2E0004B2994 /* LaunchScreen.storyboard */ = {
			isa = PBXVariantGroup;
			children = (
				9647F3D5218BD2E0004B2994 /* Base */,
			);
			name = LaunchScreen.storyboard;
			sourceTree = "<group>";
		};
/* End PBXVariantGroup section */

/* Begin XCBuildConfiguration section */
		9647F3D8218BD2E0004B2994 /* Debug */ = {
			isa = XCBuildConfiguration;
			buildSettings = {
				ALWAYS_SEARCH_USER_PATHS = NO;
				CLANG_ANALYZER_NONNULL = YES;
				CLANG_ANALYZER_NUMBER_OBJECT_CONVERSION = YES_AGGRESSIVE;
				CLANG_CXX_LANGUAGE_STANDARD = "gnu++14";
				CLANG_CXX_LIBRARY = "libc++";
				CLANG_ENABLE_MODULES = YES;
				CLANG_ENABLE_OBJC_ARC = YES;
				CLANG_ENABLE_OBJC_WEAK = YES;
				CLANG_WARN_BLOCK_CAPTURE_AUTORELEASING = YES;
				CLANG_WARN_BOOL_CONVERSION = YES;
				CLANG_WARN_COMMA = YES;
				CLANG_WARN_CONSTANT_CONVERSION = YES;
				CLANG_WARN_DEPRECATED_OBJC_IMPLEMENTATIONS = YES;
				CLANG_WARN_DIRECT_OBJC_ISA_USAGE = YES_ERROR;
				CLANG_WARN_DOCUMENTATION_COMMENTS = YES;
				CLANG_WARN_EMPTY_BODY = YES;
				CLANG_WARN_ENUM_CONVERSION = YES;
				CLANG_WARN_INFINITE_RECURSION = YES;
				CLANG_WARN_INT_CONVERSION = YES;
				CLANG_WARN_NON_LITERAL_NULL_CONVERSION = YES;
				CLANG_WARN_OBJC_IMPLICIT_RETAIN_SELF = YES;
				CLANG_WARN_OBJC_LITERAL_CONVERSION = YES;
				CLANG_WARN_OBJC_ROOT_CLASS = YES_ERROR;
				CLANG_WARN_RANGE_LOOP_ANALYSIS = YES;
				CLANG_WARN_STRICT_PROTOTYPES = YES;
				CLANG_WARN_SUSPICIOUS_MOVE = YES;
				CLANG_WARN_UNGUARDED_AVAILABILITY = YES_AGGRESSIVE;
				CLANG_WARN_UNREACHABLE_CODE = YES;
				CLANG_WARN__DUPLICATE_METHOD_MATCH = YES;
				CODE_SIGN_IDENTITY = "iPhone Developer";
				COPY_PHASE_STRIP = NO;
				DEBUG_INFORMATION_FORMAT = dwarf;
				ENABLE_STRICT_OBJC_MSGSEND = YES;
				ENABLE_TESTABILITY = YES;
				GCC_C_LANGUAGE_STANDARD = gnu11;
				GCC_DYNAMIC_NO_PIC = NO;
				GCC_NO_COMMON_BLOCKS = YES;
				GCC_OPTIMIZATION_LEVEL = 0;
				GCC_PREPROCESSOR_DEFINITIONS = (
					"DEBUG=1",
					"$(inherited)",
				);
				GCC_WARN_64_TO_32_BIT_CONVERSION = YES;
				GCC_WARN_ABOUT_RETURN_TYPE = YES_ERROR;
				GCC_WARN_UNDECLARED_SELECTOR = YES;
				GCC_WARN_UNINITIALIZED_AUTOS = YES_AGGRESSIVE;
				GCC_WARN_UNUSED_FUNCTION = YES;
				GCC_WARN_UNUSED_VARIABLE = YES;
				IPHONEOS_DEPLOYMENT_TARGET = 12.1;
				MTL_ENABLE_DEBUG_INFO = INCLUDE_SOURCE;
				MTL_FAST_MATH = YES;
				ONLY_ACTIVE_ARCH = YES;
				SDKROOT = iphoneos;
				SWIFT_ACTIVE_COMPILATION_CONDITIONS = DEBUG;
				SWIFT_OPTIMIZATION_LEVEL = "-Onone";
			};
			name = Debug;
		};
		9647F3D9218BD2E0004B2994 /* Release */ = {
			isa = XCBuildConfiguration;
			buildSettings = {
				ALWAYS_SEARCH_USER_PATHS = NO;
				CLANG_ANALYZER_NONNULL = YES;
				CLANG_ANALYZER_NUMBER_OBJECT_CONVERSION = YES_AGGRESSIVE;
				CLANG_CXX_LANGUAGE_STANDARD = "gnu++14";
				CLANG_CXX_LIBRARY = "libc++";
				CLANG_ENABLE_MODULES = YES;
				CLANG_ENABLE_OBJC_ARC = YES;
				CLANG_ENABLE_OBJC_WEAK = YES;
				CLANG_WARN_BLOCK_CAPTURE_AUTORELEASING = YES;
				CLANG_WARN_BOOL_CONVERSION = YES;
				CLANG_WARN_COMMA = YES;
				CLANG_WARN_CONSTANT_CONVERSION = YES;
				CLANG_WARN_DEPRECATED_OBJC_IMPLEMENTATIONS = YES;
				CLANG_WARN_DIRECT_OBJC_ISA_USAGE = YES_ERROR;
				CLANG_WARN_DOCUMENTATION_COMMENTS = YES;
				CLANG_WARN_EMPTY_BODY = YES;
				CLANG_WARN_ENUM_CONVERSION = YES;
				CLANG_WARN_INFINITE_RECURSION = YES;
				CLANG_WARN_INT_CONVERSION = YES;
				CLANG_WARN_NON_LITERAL_NULL_CONVERSION = YES;
				CLANG_WARN_OBJC_IMPLICIT_RETAIN_SELF = YES;
				CLANG_WARN_OBJC_LITERAL_CONVERSION = YES;
				CLANG_WARN_OBJC_ROOT_CLASS = YES_ERROR;
				CLANG_WARN_RANGE_LOOP_ANALYSIS = YES;
				CLANG_WARN_STRICT_PROTOTYPES = YES;
				CLANG_WARN_SUSPICIOUS_MOVE = YES;
				CLANG_WARN_UNGUARDED_AVAILABILITY = YES_AGGRESSIVE;
				CLANG_WARN_UNREACHABLE_CODE = YES;
				CLANG_WARN__DUPLICATE_METHOD_MATCH = YES;
				CODE_SIGN_IDENTITY = "iPhone Developer";
				COPY_PHASE_STRIP = NO;
				DEBUG_INFORMATION_FORMAT = "dwarf-with-dsym";
				ENABLE_NS_ASSERTIONS = NO;
				ENABLE_STRICT_OBJC_MSGSEND = YES;
				GCC_C_LANGUAGE_STANDARD = gnu11;
				GCC_NO_COMMON_BLOCKS = YES;
				GCC_WARN_64_TO_32_BIT_CONVERSION = YES;
				GCC_WARN_ABOUT_RETURN_TYPE = YES_ERROR;
				GCC_WARN_UNDECLARED_SELECTOR = YES;
				GCC_WARN_UNINITIALIZED_AUTOS = YES_AGGRESSIVE;
				GCC_WARN_UNUSED_FUNCTION = YES;
				GCC_WARN_UNUSED_VARIABLE = YES;
				IPHONEOS_DEPLOYMENT_TARGET = 12.1;
				MTL_ENABLE_DEBUG_INFO = NO;
				MTL_FAST_MATH = YES;
				SDKROOT = iphoneos;
				SWIFT_COMPILATION_MODE = wholemodule;
				SWIFT_OPTIMIZATION_LEVEL = "-O";
				VALIDATE_PRODUCT = YES;
			};
			name = Release;
		};
		9647F3DB218BD2E0004B2994 /* Debug */ = {
			isa = XCBuildConfiguration;
			buildSettings = {
				ASSETCATALOG_COMPILER_APPICON_NAME = AppIcon;
				CODE_SIGN_STYLE = Automatic;
				DEVELOPMENT_TEAM = 5CQTH7M957;
				INFOPLIST_FILE = Jcation/Info.plist;
				LD_RUNPATH_SEARCH_PATHS = (
					"$(inherited)",
					"@executable_path/Frameworks",
				);
				PRODUCT_BUNDLE_IDENTIFIER = "Jason-Parker.Jcation";
				PRODUCT_NAME = "$(TARGET_NAME)";
				SWIFT_VERSION = 4.2;
				TARGETED_DEVICE_FAMILY = "1,2";
			};
			name = Debug;
		};
		9647F3DC218BD2E0004B2994 /* Release */ = {
			isa = XCBuildConfiguration;
			buildSettings = {
				ASSETCATALOG_COMPILER_APPICON_NAME = AppIcon;
				CODE_SIGN_STYLE = Automatic;
				DEVELOPMENT_TEAM = 5CQTH7M957;
				INFOPLIST_FILE = Jcation/Info.plist;
				LD_RUNPATH_SEARCH_PATHS = (
					"$(inherited)",
					"@executable_path/Frameworks",
				);
				PRODUCT_BUNDLE_IDENTIFIER = "Jason-Parker.Jcation";
				PRODUCT_NAME = "$(TARGET_NAME)";
				SWIFT_VERSION = 4.2;
				TARGETED_DEVICE_FAMILY = "1,2";
			};
			name = Release;
		};
/* End XCBuildConfiguration section */

/* Begin XCConfigurationList section */
		9647F3C0218BD2DF004B2994 /* Build configuration list for PBXProject "Jcation" */ = {
			isa = XCConfigurationList;
			buildConfigurations = (
				9647F3D8218BD2E0004B2994 /* Debug */,
				9647F3D9218BD2E0004B2994 /* Release */,
			);
			defaultConfigurationIsVisible = 0;
			defaultConfigurationName = Release;
		};
		9647F3DA218BD2E0004B2994 /* Build configuration list for PBXNativeTarget "Jcation" */ = {
			isa = XCConfigurationList;
			buildConfigurations = (
				9647F3DB218BD2E0004B2994 /* Debug */,
				9647F3DC218BD2E0004B2994 /* Release */,
			);
			defaultConfigurationIsVisible = 0;
			defaultConfigurationName = Release;
		};
/* End XCConfigurationList section */

/* Begin XCVersionGroup section */
		9647F3CF218BD2DF004B2994 /* Jcation.xcdatamodeld */ = {
			isa = XCVersionGroup;
			children = (
				9647F3D0218BD2DF004B2994 /* Jcation.xcdatamodel */,
			);
			currentVersion = 9647F3D0218BD2DF004B2994 /* Jcation.xcdatamodel */;
			path = Jcation.xcdatamodeld;
			sourceTree = "<group>";
			versionGroupType = wrapper.xcdatamodel;
		};
/* End XCVersionGroup section */
	};
	rootObject = 9647F3BD218BD2DF004B2994 /* Project object */;
}
